{
  "version": 4,
  "terraform_version": "1.12.1",
  "serial": 235,
  "lineage": "33c073c2-e269-138f-f197-6ecadef12875",
  "outputs": {
    "module_gcp_instance_ips": {
      "value": [
        {
          "ins0": "int=10.0.1.9 ext=34.55.145.56"
        }
      ],
      "type": [
        "tuple",
        [
          [
            "object",
            {
              "ins0": "string"
            }
          ]
        ]
      ]
    },
    "module_oci_instance_amd_ips": {
      "value": [
        {
          "amd0": "int=10.0.1.7 ext=129.150.60.41",
          "amd1": "int=10.0.1.183 ext=168.138.167.220"
        }
      ],
      "type": [
        "tuple",
        [
          [
            "object",
            {
              "amd0": "string",
              "amd1": "string"
            }
          ]
        ]
      ]
    },
    "module_oci_instance_arm_ips": {
      "value": [
        {
          "arm0": "int=10.0.1.17 ext=213.35.105.7",
          "arm1": "int=10.0.1.55 ext=152.69.215.214"
        }
      ],
      "type": [
        "tuple",
        [
          [
            "object",
            {
              "arm0": "string",
              "arm1": "string"
            }
          ]
        ]
      ]
    }
  },
  "resources": [
    {
      "module": "module.module_gcp_instance",
      "mode": "managed",
      "type": "google_compute_disk",
      "name": "bootdisk",
      "provider": "provider[\"registry.terraform.io/hashicorp/google\"]",
      "instances": [
        {
          "index_key": 0,
          "schema_version": 0,
          "attributes": {
            "access_mode": "",
            "architecture": null,
            "async_primary_disk": [],
            "create_snapshot_before_destroy": false,
            "create_snapshot_before_destroy_prefix": null,
            "creation_timestamp": "2025-02-19T03:57:50.311-08:00",
            "description": "",
            "disk_encryption_key": [],
            "disk_id": "5438613383749859793",
            "effective_labels": {
              "goog-terraform-provisioned": "true"
            },
            "enable_confidential_compute": false,
            "guest_os_features": [
              {
                "type": "GVNIC"
              },
              {
                "type": "IDPF"
              },
              {
                "type": "SEV_CAPABLE"
              },
              {
                "type": "SEV_LIVE_MIGRATABLE"
              },
              {
                "type": "SEV_LIVE_MIGRATABLE_V2"
              },
              {
                "type": "SEV_SNP_CAPABLE"
              },
              {
                "type": "TDX_CAPABLE"
              },
              {
                "type": "UEFI_COMPATIBLE"
              },
              {
                "type": "VIRTIO_SCSI_MULTIQUEUE"
              }
            ],
            "id": "projects/prj0-443107/zones/us-central1-a/disks/ins0-bootdisk",
            "image": "https://www.googleapis.com/compute/v1/projects/ubuntu-os-cloud/global/images/ubuntu-2404-noble-amd64-v20250214",
            "label_fingerprint": "vezUS-42LLM=",
            "labels": {},
            "last_attach_timestamp": "2025-02-19T03:58:03.877-08:00",
            "last_detach_timestamp": "",
            "licenses": [
              "https://www.googleapis.com/compute/v1/projects/ubuntu-os-cloud/global/licenses/ubuntu-2404-lts"
            ],
            "name": "ins0-bootdisk",
            "params": [],
            "physical_block_size_bytes": 4096,
            "project": "prj0-443107",
            "provisioned_iops": 0,
            "provisioned_throughput": 0,
            "self_link": "https://www.googleapis.com/compute/v1/projects/prj0-443107/zones/us-central1-a/disks/ins0-bootdisk",
            "size": 28,
            "snapshot": "",
            "source_disk": "",
            "source_disk_id": "",
            "source_image_encryption_key": [],
            "source_image_id": "4361917786184929188",
            "source_instant_snapshot": "",
            "source_instant_snapshot_id": "",
            "source_snapshot_encryption_key": [],
            "source_snapshot_id": "",
            "source_storage_object": null,
            "storage_pool": "",
            "terraform_labels": {
              "goog-terraform-provisioned": "true"
            },
            "timeouts": null,
            "type": "pd-standard",
            "users": [
              "https://www.googleapis.com/compute/v1/projects/prj0-443107/zones/us-central1-a/instances/ins0"
            ],
            "zone": "us-central1-a"
          },
          "sensitive_attributes": [],
          "identity_schema_version": 0,
          "private": "eyJlMmJmYjczMC1lY2FhLTExZTYtOGY4OC0zNDM2M2JjN2M0YzAiOnsiY3JlYXRlIjoxMjAwMDAwMDAwMDAwLCJkZWxldGUiOjEyMDAwMDAwMDAwMDAsInVwZGF0ZSI6MTIwMDAwMDAwMDAwMH19"
        }
      ]
    },
    {
      "module": "module.module_gcp_instance",
      "mode": "managed",
      "type": "google_compute_instance",
      "name": "ins",
      "provider": "provider[\"registry.terraform.io/hashicorp/google\"]",
      "instances": [
        {
          "index_key": 0,
          "schema_version": 6,
          "attributes": {
            "advanced_machine_features": [],
            "allow_stopping_for_update": true,
            "attached_disk": [],
            "boot_disk": [
              {
                "auto_delete": true,
                "device_name": "persistent-disk-0",
                "disk_encryption_key_raw": "",
                "disk_encryption_key_rsa": "",
                "disk_encryption_key_sha256": "",
                "disk_encryption_service_account": "",
                "force_attach": false,
                "guest_os_features": [
                  "VIRTIO_SCSI_MULTIQUEUE",
                  "SEV_CAPABLE",
                  "SEV_SNP_CAPABLE",
                  "SEV_LIVE_MIGRATABLE",
                  "SEV_LIVE_MIGRATABLE_V2",
                  "IDPF",
                  "TDX_CAPABLE",
                  "UEFI_COMPATIBLE",
                  "GVNIC"
                ],
                "initialize_params": [
                  {
                    "architecture": "X86_64",
                    "enable_confidential_compute": false,
                    "image": "https://www.googleapis.com/compute/v1/projects/ubuntu-os-cloud/global/images/ubuntu-2404-noble-amd64-v20250214",
                    "labels": {
                      "goog-terraform-provisioned": "true"
                    },
                    "provisioned_iops": 0,
                    "provisioned_throughput": 0,
                    "resource_manager_tags": {},
                    "resource_policies": [],
                    "size": 28,
                    "snapshot": "",
                    "source_image_encryption_key": [],
                    "source_snapshot_encryption_key": [],
                    "storage_pool": "",
                    "type": "pd-standard"
                  }
                ],
                "interface": "",
                "kms_key_self_link": "",
                "mode": "READ_WRITE",
                "source": "https://www.googleapis.com/compute/v1/projects/prj0-443107/zones/us-central1-a/disks/ins0-bootdisk"
              }
            ],
            "can_ip_forward": false,
            "confidential_instance_config": [],
            "cpu_platform": "AMD Rome",
            "creation_timestamp": "2025-02-19T03:58:03.137-08:00",
            "current_status": "RUNNING",
            "deletion_protection": false,
            "description": "",
            "desired_status": null,
            "effective_labels": {
              "goog-terraform-provisioned": "true"
            },
            "enable_display": false,
            "guest_accelerator": [],
            "hostname": "",
            "id": "projects/prj0-443107/zones/us-central1-a/instances/ins0",
            "instance_encryption_key": [],
            "instance_id": "4187483324456401317",
            "key_revocation_action_type": "",
            "label_fingerprint": "vezUS-42LLM=",
            "labels": {},
            "machine_type": "e2-micro",
            "metadata": {
              "ssh-keys": "user0:ssh-ed25519 AAAAC3NzaC1lZDI1NTE5AAAAII8IWR/eTBWUCznY/KgzuxR4vfULGLJ26yDqsBvxvi2V"
            },
            "metadata_fingerprint": "6UxVhnOCeF0=",
            "metadata_startup_script": null,
            "min_cpu_platform": "",
            "name": "ins0",
            "network_interface": [
              {
                "access_config": [
                  {
                    "nat_ip": "34.55.145.56",
                    "network_tier": "PREMIUM",
                    "public_ptr_domain_name": ""
                  }
                ],
                "alias_ip_range": [],
                "internal_ipv6_prefix_length": 0,
                "ipv6_access_config": [],
                "ipv6_access_type": "",
                "ipv6_address": "",
                "name": "nic0",
                "network": "https://www.googleapis.com/compute/v1/projects/prj0-443107/global/networks/net0",
                "network_attachment": "",
                "network_ip": "10.0.1.9",
                "nic_type": "",
                "queue_count": 0,
                "stack_type": "IPV4_ONLY",
                "subnetwork": "https://www.googleapis.com/compute/v1/projects/prj0-443107/regions/us-central1/subnetworks/subnet0",
                "subnetwork_project": "prj0-443107"
              }
            ],
            "network_performance_config": [],
            "params": [],
            "project": "prj0-443107",
            "reservation_affinity": [],
            "resource_policies": [],
            "scheduling": [
              {
                "automatic_restart": true,
                "availability_domain": 0,
                "instance_termination_action": "",
                "local_ssd_recovery_timeout": [],
                "max_run_duration": [],
                "min_node_cpus": 0,
                "node_affinities": [],
                "on_host_maintenance": "MIGRATE",
                "on_instance_stop_action": [],
                "preemptible": false,
                "provisioning_model": "STANDARD",
                "termination_time": ""
              }
            ],
            "scratch_disk": [],
            "self_link": "https://www.googleapis.com/compute/v1/projects/prj0-443107/zones/us-central1-a/instances/ins0",
            "service_account": [],
            "shielded_instance_config": [
              {
                "enable_integrity_monitoring": true,
                "enable_secure_boot": false,
                "enable_vtpm": true
              }
            ],
            "tags": [
              "egress-allow-all",
              "ingress-allow-http",
              "ingress-allow-icmp",
              "ingress-allow-ssh",
              "ingress-allow-wireguard"
            ],
            "tags_fingerprint": "JzAY15mLzak=",
            "terraform_labels": {
              "goog-terraform-provisioned": "true"
            },
            "timeouts": null,
            "zone": "us-central1-a"
          },
          "sensitive_attributes": [
            [
              {
                "type": "get_attr",
                "value": "boot_disk"
              },
              {
                "type": "index",
                "value": {
                  "value": 0,
                  "type": "number"
                }
              },
              {
                "type": "get_attr",
                "value": "disk_encryption_key_raw"
              }
            ],
            [
              {
                "type": "get_attr",
                "value": "boot_disk"
              },
              {
                "type": "index",
                "value": {
                  "value": 0,
                  "type": "number"
                }
              },
              {
                "type": "get_attr",
                "value": "disk_encryption_key_rsa"
              }
            ]
          ],
          "identity_schema_version": 0,
          "private": "eyJlMmJmYjczMC1lY2FhLTExZTYtOGY4OC0zNDM2M2JjN2M0YzAiOnsiY3JlYXRlIjoxMjAwMDAwMDAwMDAwLCJkZWxldGUiOjEyMDAwMDAwMDAwMDAsInVwZGF0ZSI6MTIwMDAwMDAwMDAwMH0sInNjaGVtYV92ZXJzaW9uIjoiNiJ9",
          "dependencies": [
            "module.module_gcp_instance.google_compute_disk.bootdisk",
            "module.module_gcp_network.google_compute_network.net0",
            "module.module_gcp_network.google_compute_subnetwork.subnet0"
          ]
        }
      ]
    },
    {
      "module": "module.module_gcp_network",
      "mode": "managed",
      "type": "google_compute_network",
      "name": "net0",
      "provider": "provider[\"registry.terraform.io/hashicorp/google\"]",
      "instances": [
        {
          "schema_version": 0,
          "attributes": {
            "auto_create_subnetworks": false,
            "bgp_always_compare_med": false,
            "bgp_best_path_selection_mode": "LEGACY",
            "bgp_inter_region_cost": "",
            "delete_default_routes_on_create": false,
            "description": "",
            "enable_ula_internal_ipv6": false,
            "gateway_ipv4": "",
            "id": "projects/prj0-443107/global/networks/net0",
            "internal_ipv6_range": "",
            "mtu": 0,
            "name": "net0",
            "network_firewall_policy_enforcement_order": "AFTER_CLASSIC_FIREWALL",
            "network_id": "6986325469014845035",
            "network_profile": "",
            "numeric_id": "6986325469014845035",
            "project": "prj0-443107",
            "routing_mode": "REGIONAL",
            "self_link": "https://www.googleapis.com/compute/v1/projects/prj0-443107/global/networks/net0",
            "timeouts": null
          },
          "sensitive_attributes": [],
          "identity_schema_version": 0,
          "private": "eyJlMmJmYjczMC1lY2FhLTExZTYtOGY4OC0zNDM2M2JjN2M0YzAiOnsiY3JlYXRlIjoxMjAwMDAwMDAwMDAwLCJkZWxldGUiOjEyMDAwMDAwMDAwMDAsInVwZGF0ZSI6MTIwMDAwMDAwMDAwMH19"
        }
      ]
    },
    {
      "module": "module.module_gcp_network",
      "mode": "managed",
      "type": "google_compute_subnetwork",
      "name": "subnet0",
      "provider": "provider[\"registry.terraform.io/hashicorp/google\"]",
      "instances": [
        {
          "schema_version": 0,
          "attributes": {
            "creation_timestamp": "2024-11-28T22:01:00.872-08:00",
            "description": "",
            "enable_flow_logs": false,
            "external_ipv6_prefix": "",
            "fingerprint": null,
            "gateway_address": "10.0.1.1",
            "id": "projects/prj0-443107/regions/us-central1/subnetworks/subnet0",
            "internal_ipv6_prefix": "",
            "ip_cidr_range": "10.0.1.0/24",
            "ip_collection": null,
            "ipv6_access_type": "",
            "ipv6_cidr_range": "",
            "ipv6_gce_endpoint": "",
            "log_config": [],
            "name": "subnet0",
            "network": "https://www.googleapis.com/compute/v1/projects/prj0-443107/global/networks/net0",
            "private_ip_google_access": false,
            "private_ipv6_google_access": "DISABLE_GOOGLE_ACCESS",
            "project": "prj0-443107",
            "purpose": "PRIVATE",
            "region": "us-central1",
            "reserved_internal_range": "",
            "role": "",
            "secondary_ip_range": [],
            "self_link": "https://www.googleapis.com/compute/v1/projects/prj0-443107/regions/us-central1/subnetworks/subnet0",
            "send_secondary_ip_range_if_empty": null,
            "stack_type": "IPV4_ONLY",
            "state": "",
            "subnetwork_id": 1558724517661304435,
            "timeouts": null
          },
          "sensitive_attributes": [],
          "identity_schema_version": 0,
          "private": "eyJlMmJmYjczMC1lY2FhLTExZTYtOGY4OC0zNDM2M2JjN2M0YzAiOnsiY3JlYXRlIjoxMjAwMDAwMDAwMDAwLCJkZWxldGUiOjEyMDAwMDAwMDAwMDAsInVwZGF0ZSI6MTIwMDAwMDAwMDAwMH19",
          "dependencies": [
            "module.module_gcp_network.google_compute_network.net0"
          ]
        }
      ]
    },
    {
      "module": "module.module_gcp_security",
      "mode": "managed",
      "type": "google_compute_firewall",
      "name": "fw",
      "provider": "provider[\"registry.terraform.io/hashicorp/google\"]",
      "instances": [
        {
          "index_key": "egress-allow-all",
          "schema_version": 1,
          "attributes": {
            "allow": [
              {
                "ports": [],
                "protocol": "all"
              }
            ],
            "creation_timestamp": "2025-01-07T05:55:08.864-08:00",
            "deny": [],
            "description": "",
            "destination_ranges": [
              "0.0.0.0/0"
            ],
            "direction": "EGRESS",
            "disabled": false,
            "enable_logging": null,
            "id": "projects/prj0-443107/global/firewalls/egress-allow-all",
            "log_config": [],
            "name": "egress-allow-all",
            "network": "https://www.googleapis.com/compute/v1/projects/prj0-443107/global/networks/net0",
            "priority": 1000,
            "project": "prj0-443107",
            "self_link": "https://www.googleapis.com/compute/v1/projects/prj0-443107/global/firewalls/egress-allow-all",
            "source_ranges": [],
            "source_service_accounts": [],
            "source_tags": [],
            "target_service_accounts": [],
            "target_tags": [
              "egress-allow-all"
            ],
            "timeouts": null
          },
          "sensitive_attributes": [],
          "identity_schema_version": 0,
          "private": "eyJlMmJmYjczMC1lY2FhLTExZTYtOGY4OC0zNDM2M2JjN2M0YzAiOnsiY3JlYXRlIjoxMjAwMDAwMDAwMDAwLCJkZWxldGUiOjEyMDAwMDAwMDAwMDAsInVwZGF0ZSI6MTIwMDAwMDAwMDAwMH0sInNjaGVtYV92ZXJzaW9uIjoiMSJ9",
          "dependencies": [
            "module.module_gcp_network.google_compute_network.net0"
          ]
        },
        {
          "index_key": "ingress-allow-http",
          "schema_version": 1,
          "attributes": {
            "allow": [
              {
                "ports": [
                  "80"
                ],
                "protocol": "tcp"
              }
            ],
            "creation_timestamp": "2025-01-23T00:20:45.989-08:00",
            "deny": [],
            "description": "",
            "destination_ranges": [],
            "direction": "INGRESS",
            "disabled": false,
            "enable_logging": null,
            "id": "projects/prj0-443107/global/firewalls/ingress-allow-http",
            "log_config": [],
            "name": "ingress-allow-http",
            "network": "https://www.googleapis.com/compute/v1/projects/prj0-443107/global/networks/net0",
            "priority": 1000,
            "project": "prj0-443107",
            "self_link": "https://www.googleapis.com/compute/v1/projects/prj0-443107/global/firewalls/ingress-allow-http",
            "source_ranges": [
              "0.0.0.0/0"
            ],
            "source_service_accounts": [],
            "source_tags": [],
            "target_service_accounts": [],
            "target_tags": [
              "ingress-allow-http"
            ],
            "timeouts": null
          },
          "sensitive_attributes": [],
          "identity_schema_version": 0,
          "private": "eyJlMmJmYjczMC1lY2FhLTExZTYtOGY4OC0zNDM2M2JjN2M0YzAiOnsiY3JlYXRlIjoxMjAwMDAwMDAwMDAwLCJkZWxldGUiOjEyMDAwMDAwMDAwMDAsInVwZGF0ZSI6MTIwMDAwMDAwMDAwMH0sInNjaGVtYV92ZXJzaW9uIjoiMSJ9",
          "dependencies": [
            "module.module_gcp_network.google_compute_network.net0"
          ]
        },
        {
          "index_key": "ingress-allow-icmp",
          "schema_version": 1,
          "attributes": {
            "allow": [
              {
                "ports": [],
                "protocol": "icmp"
              }
            ],
            "creation_timestamp": "2025-01-05T05:19:52.097-08:00",
            "deny": [],
            "description": "",
            "destination_ranges": [],
            "direction": "INGRESS",
            "disabled": false,
            "enable_logging": null,
            "id": "projects/prj0-443107/global/firewalls/ingress-allow-icmp",
            "log_config": [],
            "name": "ingress-allow-icmp",
            "network": "https://www.googleapis.com/compute/v1/projects/prj0-443107/global/networks/net0",
            "priority": 1000,
            "project": "prj0-443107",
            "self_link": "https://www.googleapis.com/compute/v1/projects/prj0-443107/global/firewalls/ingress-allow-icmp",
            "source_ranges": [
              "0.0.0.0/0"
            ],
            "source_service_accounts": [],
            "source_tags": [],
            "target_service_accounts": [],
            "target_tags": [
              "ingress-allow-icmp"
            ],
            "timeouts": null
          },
          "sensitive_attributes": [],
          "identity_schema_version": 0,
          "private": "eyJlMmJmYjczMC1lY2FhLTExZTYtOGY4OC0zNDM2M2JjN2M0YzAiOnsiY3JlYXRlIjoxMjAwMDAwMDAwMDAwLCJkZWxldGUiOjEyMDAwMDAwMDAwMDAsInVwZGF0ZSI6MTIwMDAwMDAwMDAwMH0sInNjaGVtYV92ZXJzaW9uIjoiMSJ9",
          "dependencies": [
            "module.module_gcp_network.google_compute_network.net0"
          ]
        },
        {
          "index_key": "ingress-allow-ssh",
          "schema_version": 1,
          "attributes": {
            "allow": [
              {
                "ports": [
                  "22"
                ],
                "protocol": "tcp"
              }
            ],
            "creation_timestamp": "2025-01-05T05:19:52.140-08:00",
            "deny": [],
            "description": "",
            "destination_ranges": [],
            "direction": "INGRESS",
            "disabled": false,
            "enable_logging": null,
            "id": "projects/prj0-443107/global/firewalls/ingress-allow-ssh",
            "log_config": [],
            "name": "ingress-allow-ssh",
            "network": "https://www.googleapis.com/compute/v1/projects/prj0-443107/global/networks/net0",
            "priority": 1000,
            "project": "prj0-443107",
            "self_link": "https://www.googleapis.com/compute/v1/projects/prj0-443107/global/firewalls/ingress-allow-ssh",
            "source_ranges": [
              "0.0.0.0/0"
            ],
            "source_service_accounts": [],
            "source_tags": [],
            "target_service_accounts": [],
            "target_tags": [
              "ingress-allow-ssh"
            ],
            "timeouts": null
          },
          "sensitive_attributes": [],
          "identity_schema_version": 0,
          "private": "eyJlMmJmYjczMC1lY2FhLTExZTYtOGY4OC0zNDM2M2JjN2M0YzAiOnsiY3JlYXRlIjoxMjAwMDAwMDAwMDAwLCJkZWxldGUiOjEyMDAwMDAwMDAwMDAsInVwZGF0ZSI6MTIwMDAwMDAwMDAwMH0sInNjaGVtYV92ZXJzaW9uIjoiMSJ9",
          "dependencies": [
            "module.module_gcp_network.google_compute_network.net0"
          ]
        },
        {
          "index_key": "ingress-allow-wireguard",
          "schema_version": 1,
          "attributes": {
            "allow": [
              {
                "ports": [
                  "51820"
                ],
                "protocol": "udp"
              }
            ],
            "creation_timestamp": "2025-05-25T20:47:11.354-07:00",
            "deny": [],
            "description": "",
            "destination_ranges": [],
            "direction": "INGRESS",
            "disabled": false,
            "enable_logging": null,
            "id": "projects/prj0-443107/global/firewalls/ingress-allow-wireguard",
            "log_config": [],
            "name": "ingress-allow-wireguard",
            "network": "https://www.googleapis.com/compute/v1/projects/prj0-443107/global/networks/net0",
            "priority": 1000,
            "project": "prj0-443107",
            "self_link": "https://www.googleapis.com/compute/v1/projects/prj0-443107/global/firewalls/ingress-allow-wireguard",
            "source_ranges": [
              "0.0.0.0/0"
            ],
            "source_service_accounts": [],
            "source_tags": [],
            "target_service_accounts": [],
            "target_tags": [
              "ingress-allow-wireguard"
            ],
            "timeouts": null
          },
          "sensitive_attributes": [],
          "identity_schema_version": 0,
          "private": "eyJlMmJmYjczMC1lY2FhLTExZTYtOGY4OC0zNDM2M2JjN2M0YzAiOnsiY3JlYXRlIjoxMjAwMDAwMDAwMDAwLCJkZWxldGUiOjEyMDAwMDAwMDAwMDAsInVwZGF0ZSI6MTIwMDAwMDAwMDAwMH0sInNjaGVtYV92ZXJzaW9uIjoiMSJ9",
          "dependencies": [
            "module.module_gcp_network.google_compute_network.net0"
          ]
        }
      ]
    },
    {
      "module": "module.module_oci_instance_amd",
      "mode": "data",
      "type": "oci_identity_availability_domains",
      "name": "ads",
      "provider": "provider[\"registry.terraform.io/oracle/oci\"]",
      "instances": [
        {
          "schema_version": 0,
          "attributes": {
            "availability_domains": [
              {
                "compartment_id": "ocid1.compartment.oc1..aaaaaaaar25xr32ezieyqed6lop5zm7av2l5hhgryrex2e5rbzrscf7hg2ua",
                "id": "ocid1.availabilitydomain.oc1..aaaaaaaar5i2dxxyyprdqq5egzf6m4m5xa5ywtuknisknxccvcqw4v7ps5ea",
                "name": "jEkT:AP-SINGAPORE-1-AD-1"
              }
            ],
            "compartment_id": "ocid1.compartment.oc1..aaaaaaaar25xr32ezieyqed6lop5zm7av2l5hhgryrex2e5rbzrscf7hg2ua",
            "filter": null,
            "id": "IdentityAvailabilityDomainsDataSource-2074872169"
          },
          "sensitive_attributes": [],
          "identity_schema_version": 0
        }
      ]
    },
    {
      "module": "module.module_oci_instance_amd",
      "mode": "managed",
      "type": "oci_core_instance",
      "name": "ins",
      "provider": "provider[\"registry.terraform.io/oracle/oci\"]",
      "instances": [
        {
          "index_key": 0,
          "schema_version": 0,
          "attributes": {
            "agent_config": [
              {
                "are_all_plugins_disabled": false,
                "is_management_disabled": false,
                "is_monitoring_disabled": false,
                "plugins_config": []
              }
            ],
            "async": null,
            "availability_config": [
              {
                "is_live_migration_preferred": false,
                "recovery_action": "RESTORE_INSTANCE"
              }
            ],
            "availability_domain": "jEkT:AP-SINGAPORE-1-AD-1",
            "boot_volume_id": "ocid1.bootvolume.oc1.ap-singapore-1.abzwsljrfqaijoh7dcie57api5ip4gvyczmeukf455vh2pmu66g5ehkecoiq",
            "capacity_reservation_id": null,
            "cluster_placement_group_id": null,
            "compartment_id": "ocid1.compartment.oc1..aaaaaaaar25xr32ezieyqed6lop5zm7av2l5hhgryrex2e5rbzrscf7hg2ua",
            "compute_cluster_id": null,
            "create_vnic_details": [
              {
                "assign_ipv6ip": false,
                "assign_private_dns_record": false,
                "assign_public_ip": "true",
                "defined_tags": {
                  "Oracle-Tags.CreatedBy": "default/tbnguyen1407@gmail.com",
                  "Oracle-Tags.CreatedOn": "2024-11-29T08:05:52.723Z"
                },
                "display_name": "amd-vnic0",
                "freeform_tags": {},
                "hostname_label": "amd0",
                "ipv6address_ipv6subnet_cidr_pair_details": [],
                "nsg_ids": [
                  "ocid1.networksecuritygroup.oc1.ap-singapore-1.aaaaaaaavhg3iz3wwe22xjhcxodnpf3ivylrxe4mlqqkibrqj6khtbjtcrcq"
                ],
                "private_ip": "10.0.1.7",
                "security_attributes": {},
                "skip_source_dest_check": false,
                "subnet_id": "ocid1.subnet.oc1.ap-singapore-1.aaaaaaaakatp3bk7nysf5sbowbbwstv35dd2u6v3q6msl7ssufbuyn67v3da",
                "vlan_id": ""
              }
            ],
            "dedicated_vm_host_id": null,
            "defined_tags": {
              "Oracle-Tags.CreatedBy": "default/tbnguyen1407@gmail.com",
              "Oracle-Tags.CreatedOn": "2024-11-29T08:05:52.591Z"
            },
            "display_name": "amd0",
            "extended_metadata": {},
            "fault_domain": "FAULT-DOMAIN-2",
            "freeform_tags": {},
            "hostname_label": "amd0",
            "id": "ocid1.instance.oc1.ap-singapore-1.anzwsljrzn66j6qc333arich4zgmfza23dayi3kfa6ggg4wyzvh4hz53ukma",
            "image": "ocid1.image.oc1.ap-singapore-1.aaaaaaaaiyq36wrtjisfxsrbikhdgmvflpdc7yyjuqj4io6q4opunnytphxq",
            "instance_configuration_id": null,
            "instance_options": [
              {
                "are_legacy_imds_endpoints_disabled": false
              }
            ],
            "ipxe_script": null,
            "is_cross_numa_node": false,
            "is_pv_encryption_in_transit_enabled": null,
            "launch_mode": "PARAVIRTUALIZED",
            "launch_options": [
              {
                "boot_volume_type": "PARAVIRTUALIZED",
                "firmware": "UEFI_64",
                "is_consistent_volume_naming_enabled": true,
                "is_pv_encryption_in_transit_enabled": false,
                "network_type": "PARAVIRTUALIZED",
                "remote_data_volume_type": "PARAVIRTUALIZED"
              }
            ],
            "launch_volume_attachments": [],
            "licensing_configs": [],
            "metadata": {
              "ssh_authorized_keys": "ssh-ed25519 AAAAC3NzaC1lZDI1NTE5AAAAII8IWR/eTBWUCznY/KgzuxR4vfULGLJ26yDqsBvxvi2V"
            },
            "platform_config": [],
            "preemptible_instance_config": [],
            "preserve_boot_volume": null,
            "preserve_data_volumes_created_at_launch": null,
            "private_ip": "10.0.1.7",
            "public_ip": "129.150.60.41",
            "region": "ap-singapore-1",
            "security_attributes": {},
            "security_attributes_state": "STABLE",
            "shape": "VM.Standard.E2.1.Micro",
            "shape_config": [
              {
                "baseline_ocpu_utilization": "",
                "gpu_description": "",
                "gpus": 0,
                "local_disk_description": "",
                "local_disks": 0,
                "local_disks_total_size_in_gbs": 0,
                "max_vnic_attachments": 1,
                "memory_in_gbs": 1,
                "networking_bandwidth_in_gbps": 0.5,
                "nvmes": 0,
                "ocpus": 1,
                "processor_description": "2.25 GHz AMD EPYC™ 7742 (Rome)",
                "vcpus": 2
              }
            ],
            "source_details": [
              {
                "boot_volume_size_in_gbs": "50",
                "boot_volume_vpus_per_gb": "10",
                "instance_source_image_filter_details": [],
                "is_preserve_boot_volume_enabled": false,
                "kms_key_id": "",
                "source_id": "ocid1.image.oc1.ap-singapore-1.aaaaaaaaiyq36wrtjisfxsrbikhdgmvflpdc7yyjuqj4io6q4opunnytphxq",
                "source_type": "image"
              }
            ],
            "state": "RUNNING",
            "subnet_id": "ocid1.subnet.oc1.ap-singapore-1.aaaaaaaakatp3bk7nysf5sbowbbwstv35dd2u6v3q6msl7ssufbuyn67v3da",
            "system_tags": {
              "orcl-cloud.free-tier-retained": "true"
            },
            "time_created": "2024-11-29 08:05:53.166 +0000 UTC",
            "time_maintenance_reboot_due": "",
            "timeouts": null,
            "update_operation_constraint": null
          },
          "sensitive_attributes": [],
          "identity_schema_version": 0,
          "private": "eyJlMmJmYjczMC1lY2FhLTExZTYtOGY4OC0zNDM2M2JjN2M0YzAiOnsiY3JlYXRlIjoyNzAwMDAwMDAwMDAwLCJkZWxldGUiOjQ1MDAwMDAwMDAwMDAsInVwZGF0ZSI6MjcwMDAwMDAwMDAwMH19",
          "dependencies": [
            "module.module_oci_instance_amd.data.oci_identity_availability_domains.ads",
            "module.module_oci_network.oci_core_internet_gateway.igw0",
            "module.module_oci_network.oci_core_route_table.rt0",
            "module.module_oci_network.oci_core_subnet.subnet0",
            "module.module_oci_network.oci_core_vcn.net0",
            "module.module_oci_network.oci_identity_compartment.cpt0",
            "module.module_oci_security.oci_core_network_security_group.nsg"
          ]
        },
        {
          "index_key": 1,
          "schema_version": 0,
          "attributes": {
            "agent_config": [
              {
                "are_all_plugins_disabled": false,
                "is_management_disabled": false,
                "is_monitoring_disabled": false,
                "plugins_config": []
              }
            ],
            "async": null,
            "availability_config": [
              {
                "is_live_migration_preferred": false,
                "recovery_action": "RESTORE_INSTANCE"
              }
            ],
            "availability_domain": "jEkT:AP-SINGAPORE-1-AD-1",
            "boot_volume_id": "ocid1.bootvolume.oc1.ap-singapore-1.abzwsljrnemsjpmuewirn7q2jd727aux72rk5smfpavhzp3qpksma63xlqvq",
            "capacity_reservation_id": null,
            "cluster_placement_group_id": null,
            "compartment_id": "ocid1.compartment.oc1..aaaaaaaar25xr32ezieyqed6lop5zm7av2l5hhgryrex2e5rbzrscf7hg2ua",
            "compute_cluster_id": null,
            "create_vnic_details": [
              {
                "assign_ipv6ip": false,
                "assign_private_dns_record": false,
                "assign_public_ip": "true",
                "defined_tags": {
                  "Oracle-Tags.CreatedBy": "default/tbnguyen1407@gmail.com",
                  "Oracle-Tags.CreatedOn": "2024-11-30T11:42:48.881Z"
                },
                "display_name": "amd-vnic0",
                "freeform_tags": {},
                "hostname_label": "amd1",
                "ipv6address_ipv6subnet_cidr_pair_details": [],
                "nsg_ids": [
                  "ocid1.networksecuritygroup.oc1.ap-singapore-1.aaaaaaaavhg3iz3wwe22xjhcxodnpf3ivylrxe4mlqqkibrqj6khtbjtcrcq"
                ],
                "private_ip": "10.0.1.183",
                "security_attributes": {},
                "skip_source_dest_check": false,
                "subnet_id": "ocid1.subnet.oc1.ap-singapore-1.aaaaaaaakatp3bk7nysf5sbowbbwstv35dd2u6v3q6msl7ssufbuyn67v3da",
                "vlan_id": ""
              }
            ],
            "dedicated_vm_host_id": null,
            "defined_tags": {
              "Oracle-Tags.CreatedBy": "default/tbnguyen1407@gmail.com",
              "Oracle-Tags.CreatedOn": "2024-11-30T11:42:48.751Z"
            },
            "display_name": "amd1",
            "extended_metadata": {},
            "fault_domain": "FAULT-DOMAIN-1",
            "freeform_tags": {},
            "hostname_label": "amd1",
            "id": "ocid1.instance.oc1.ap-singapore-1.anzwsljrzn66j6qclpii6n4k6hgafnp7qsmsaejyqhnw3nqwjhio5yz54hca",
            "image": "ocid1.image.oc1.ap-singapore-1.aaaaaaaaiyq36wrtjisfxsrbikhdgmvflpdc7yyjuqj4io6q4opunnytphxq",
            "instance_configuration_id": null,
            "instance_options": [
              {
                "are_legacy_imds_endpoints_disabled": false
              }
            ],
            "ipxe_script": null,
            "is_cross_numa_node": false,
            "is_pv_encryption_in_transit_enabled": null,
            "launch_mode": "PARAVIRTUALIZED",
            "launch_options": [
              {
                "boot_volume_type": "PARAVIRTUALIZED",
                "firmware": "UEFI_64",
                "is_consistent_volume_naming_enabled": true,
                "is_pv_encryption_in_transit_enabled": false,
                "network_type": "PARAVIRTUALIZED",
                "remote_data_volume_type": "PARAVIRTUALIZED"
              }
            ],
            "launch_volume_attachments": [],
            "licensing_configs": [],
            "metadata": {
              "ssh_authorized_keys": "ssh-ed25519 AAAAC3NzaC1lZDI1NTE5AAAAII8IWR/eTBWUCznY/KgzuxR4vfULGLJ26yDqsBvxvi2V"
            },
            "platform_config": [],
            "preemptible_instance_config": [],
            "preserve_boot_volume": null,
            "preserve_data_volumes_created_at_launch": null,
            "private_ip": "10.0.1.183",
            "public_ip": "168.138.167.220",
            "region": "ap-singapore-1",
            "security_attributes": {},
            "security_attributes_state": "STABLE",
            "shape": "VM.Standard.E2.1.Micro",
            "shape_config": [
              {
                "baseline_ocpu_utilization": "",
                "gpu_description": "",
                "gpus": 0,
                "local_disk_description": "",
                "local_disks": 0,
                "local_disks_total_size_in_gbs": 0,
                "max_vnic_attachments": 1,
                "memory_in_gbs": 1,
                "networking_bandwidth_in_gbps": 0.5,
                "nvmes": 0,
                "ocpus": 1,
                "processor_description": "2.25 GHz AMD EPYC™ 7742 (Rome)",
                "vcpus": 2
              }
            ],
            "source_details": [
              {
                "boot_volume_size_in_gbs": "50",
                "boot_volume_vpus_per_gb": "10",
                "instance_source_image_filter_details": [],
                "is_preserve_boot_volume_enabled": false,
                "kms_key_id": "",
                "source_id": "ocid1.image.oc1.ap-singapore-1.aaaaaaaaiyq36wrtjisfxsrbikhdgmvflpdc7yyjuqj4io6q4opunnytphxq",
                "source_type": "image"
              }
            ],
            "state": "RUNNING",
            "subnet_id": "ocid1.subnet.oc1.ap-singapore-1.aaaaaaaakatp3bk7nysf5sbowbbwstv35dd2u6v3q6msl7ssufbuyn67v3da",
            "system_tags": {
              "orcl-cloud.free-tier-retained": "true"
            },
            "time_created": "2024-11-30 11:42:49.462 +0000 UTC",
            "time_maintenance_reboot_due": "",
            "timeouts": null,
            "update_operation_constraint": null
          },
          "sensitive_attributes": [],
          "identity_schema_version": 0,
          "private": "eyJlMmJmYjczMC1lY2FhLTExZTYtOGY4OC0zNDM2M2JjN2M0YzAiOnsiY3JlYXRlIjoyNzAwMDAwMDAwMDAwLCJkZWxldGUiOjQ1MDAwMDAwMDAwMDAsInVwZGF0ZSI6MjcwMDAwMDAwMDAwMH19",
          "dependencies": [
            "module.module_oci_instance_amd.data.oci_identity_availability_domains.ads",
            "module.module_oci_network.oci_core_internet_gateway.igw0",
            "module.module_oci_network.oci_core_route_table.rt0",
            "module.module_oci_network.oci_core_subnet.subnet0",
            "module.module_oci_network.oci_core_vcn.net0",
            "module.module_oci_network.oci_identity_compartment.cpt0",
            "module.module_oci_security.oci_core_network_security_group.nsg"
          ]
        }
      ]
    },
    {
      "module": "module.module_oci_instance_arm",
      "mode": "data",
      "type": "oci_identity_availability_domains",
      "name": "ads",
      "provider": "provider[\"registry.terraform.io/oracle/oci\"]",
      "instances": [
        {
          "schema_version": 0,
          "attributes": {
            "availability_domains": [
              {
                "compartment_id": "ocid1.compartment.oc1..aaaaaaaar25xr32ezieyqed6lop5zm7av2l5hhgryrex2e5rbzrscf7hg2ua",
                "id": "ocid1.availabilitydomain.oc1..aaaaaaaar5i2dxxyyprdqq5egzf6m4m5xa5ywtuknisknxccvcqw4v7ps5ea",
                "name": "jEkT:AP-SINGAPORE-1-AD-1"
              }
            ],
            "compartment_id": "ocid1.compartment.oc1..aaaaaaaar25xr32ezieyqed6lop5zm7av2l5hhgryrex2e5rbzrscf7hg2ua",
            "filter": null,
            "id": "IdentityAvailabilityDomainsDataSource-2074872169"
          },
          "sensitive_attributes": [],
          "identity_schema_version": 0
        }
      ]
    },
    {
      "module": "module.module_oci_instance_arm",
      "mode": "managed",
      "type": "oci_core_instance",
      "name": "ins",
      "provider": "provider[\"registry.terraform.io/oracle/oci\"]",
      "instances": [
        {
          "index_key": 0,
          "schema_version": 0,
          "attributes": {
            "agent_config": [
              {
                "are_all_plugins_disabled": false,
                "is_management_disabled": false,
                "is_monitoring_disabled": false,
                "plugins_config": []
              }
            ],
            "async": null,
            "availability_config": [
              {
                "is_live_migration_preferred": false,
                "recovery_action": "RESTORE_INSTANCE"
              }
            ],
            "availability_domain": "jEkT:AP-SINGAPORE-1-AD-1",
            "boot_volume_id": "ocid1.bootvolume.oc1.ap-singapore-1.abzwsljrcpuod2xiz4wyrdzf24km4jfxek7nkmkkrtjvvekvdtuyrrxkrr5q",
            "capacity_reservation_id": null,
            "cluster_placement_group_id": null,
            "compartment_id": "ocid1.compartment.oc1..aaaaaaaar25xr32ezieyqed6lop5zm7av2l5hhgryrex2e5rbzrscf7hg2ua",
            "compute_cluster_id": null,
            "create_vnic_details": [
              {
                "assign_ipv6ip": false,
                "assign_private_dns_record": false,
                "assign_public_ip": "true",
                "defined_tags": {
                  "Oracle-Tags.CreatedBy": "default/tbnguyen1407@gmail.com",
                  "Oracle-Tags.CreatedOn": "2025-02-20T07:36:44.376Z"
                },
                "display_name": "arm-vnic0",
                "freeform_tags": {},
                "hostname_label": "arm-vnic0",
                "ipv6address_ipv6subnet_cidr_pair_details": [],
                "nsg_ids": [
                  "ocid1.networksecuritygroup.oc1.ap-singapore-1.aaaaaaaavhg3iz3wwe22xjhcxodnpf3ivylrxe4mlqqkibrqj6khtbjtcrcq"
                ],
                "private_ip": "10.0.1.17",
                "security_attributes": {},
                "skip_source_dest_check": false,
                "subnet_id": "ocid1.subnet.oc1.ap-singapore-1.aaaaaaaakatp3bk7nysf5sbowbbwstv35dd2u6v3q6msl7ssufbuyn67v3da",
                "vlan_id": ""
              }
            ],
            "dedicated_vm_host_id": null,
            "defined_tags": {
              "Oracle-Tags.CreatedBy": "default/tbnguyen1407@gmail.com",
              "Oracle-Tags.CreatedOn": "2025-02-20T07:36:44.253Z"
            },
            "display_name": "arm0",
            "extended_metadata": {},
            "fault_domain": "FAULT-DOMAIN-1",
            "freeform_tags": {},
            "hostname_label": "arm-vnic0",
            "id": "ocid1.instance.oc1.ap-singapore-1.anzwsljrzn66j6qckoith5nae5m7zzxez2kurw3gmxjxtjfm72donxrht3ha",
            "image": "ocid1.image.oc1.ap-singapore-1.aaaaaaaanwjetwn6ubol5lq2xvmwvglv6l26ad6lck4esnmlraawg4wderka",
            "instance_configuration_id": null,
            "instance_options": [
              {
                "are_legacy_imds_endpoints_disabled": false
              }
            ],
            "ipxe_script": null,
            "is_cross_numa_node": false,
            "is_pv_encryption_in_transit_enabled": null,
            "launch_mode": "PARAVIRTUALIZED",
            "launch_options": [
              {
                "boot_volume_type": "PARAVIRTUALIZED",
                "firmware": "UEFI_64",
                "is_consistent_volume_naming_enabled": true,
                "is_pv_encryption_in_transit_enabled": false,
                "network_type": "PARAVIRTUALIZED",
                "remote_data_volume_type": "PARAVIRTUALIZED"
              }
            ],
            "launch_volume_attachments": [],
            "licensing_configs": [],
            "metadata": {
              "ssh_authorized_keys": "ssh-ed25519 AAAAC3NzaC1lZDI1NTE5AAAAII8IWR/eTBWUCznY/KgzuxR4vfULGLJ26yDqsBvxvi2V"
            },
            "platform_config": [],
            "preemptible_instance_config": [],
            "preserve_boot_volume": null,
            "preserve_data_volumes_created_at_launch": null,
            "private_ip": "10.0.1.17",
            "public_ip": "213.35.105.7",
            "region": "ap-singapore-1",
            "security_attributes": {},
            "security_attributes_state": "STABLE",
            "shape": "VM.Standard.A1.Flex",
            "shape_config": [
              {
                "baseline_ocpu_utilization": "",
                "gpu_description": "",
                "gpus": 0,
                "local_disk_description": "",
                "local_disks": 0,
                "local_disks_total_size_in_gbs": 0,
                "max_vnic_attachments": 2,
                "memory_in_gbs": 12,
                "networking_bandwidth_in_gbps": 2,
                "nvmes": 0,
                "ocpus": 2,
                "processor_description": "3.0 GHz Ampere® Altra™",
                "vcpus": 2
              }
            ],
            "source_details": [
              {
                "boot_volume_size_in_gbs": "50",
                "boot_volume_vpus_per_gb": "10",
                "instance_source_image_filter_details": [],
                "is_preserve_boot_volume_enabled": false,
                "kms_key_id": "",
                "source_id": "ocid1.image.oc1.ap-singapore-1.aaaaaaaanwjetwn6ubol5lq2xvmwvglv6l26ad6lck4esnmlraawg4wderka",
                "source_type": "image"
              }
            ],
            "state": "RUNNING",
            "subnet_id": "ocid1.subnet.oc1.ap-singapore-1.aaaaaaaakatp3bk7nysf5sbowbbwstv35dd2u6v3q6msl7ssufbuyn67v3da",
            "system_tags": {},
            "time_created": "2025-02-20 07:36:45.127 +0000 UTC",
            "time_maintenance_reboot_due": "",
            "timeouts": null,
            "update_operation_constraint": null
          },
          "sensitive_attributes": [],
          "identity_schema_version": 0,
          "private": "eyJlMmJmYjczMC1lY2FhLTExZTYtOGY4OC0zNDM2M2JjN2M0YzAiOnsiY3JlYXRlIjoyNzAwMDAwMDAwMDAwLCJkZWxldGUiOjQ1MDAwMDAwMDAwMDAsInVwZGF0ZSI6MjcwMDAwMDAwMDAwMH19",
          "dependencies": [
            "module.module_oci_instance_arm.data.oci_identity_availability_domains.ads",
            "module.module_oci_network.oci_core_internet_gateway.igw0",
            "module.module_oci_network.oci_core_route_table.rt0",
            "module.module_oci_network.oci_core_subnet.subnet0",
            "module.module_oci_network.oci_core_vcn.net0",
            "module.module_oci_network.oci_identity_compartment.cpt0",
            "module.module_oci_security.oci_core_network_security_group.nsg"
          ]
        },
        {
          "index_key": 1,
          "schema_version": 0,
          "attributes": {
            "agent_config": [
              {
                "are_all_plugins_disabled": false,
                "is_management_disabled": false,
                "is_monitoring_disabled": false,
                "plugins_config": []
              }
            ],
            "async": null,
            "availability_config": [
              {
                "is_live_migration_preferred": false,
                "recovery_action": "RESTORE_INSTANCE"
              }
            ],
            "availability_domain": "jEkT:AP-SINGAPORE-1-AD-1",
            "boot_volume_id": "ocid1.bootvolume.oc1.ap-singapore-1.abzwsljrfjqjz4ql6o7m27l2zr6g6k2jxnowyraodzx4zv76kr2evdofysca",
            "capacity_reservation_id": null,
            "cluster_placement_group_id": null,
            "compartment_id": "ocid1.compartment.oc1..aaaaaaaar25xr32ezieyqed6lop5zm7av2l5hhgryrex2e5rbzrscf7hg2ua",
            "compute_cluster_id": null,
            "create_vnic_details": [
              {
                "assign_ipv6ip": false,
                "assign_private_dns_record": false,
                "assign_public_ip": "true",
                "defined_tags": {
                  "Oracle-Tags.CreatedBy": "default/tbnguyen1407@gmail.com",
                  "Oracle-Tags.CreatedOn": "2025-02-20T07:36:44.376Z"
                },
                "display_name": "arm-vnic0",
                "freeform_tags": {},
                "hostname_label": "arm-vnic0-447182",
                "ipv6address_ipv6subnet_cidr_pair_details": [],
                "nsg_ids": [
                  "ocid1.networksecuritygroup.oc1.ap-singapore-1.aaaaaaaavhg3iz3wwe22xjhcxodnpf3ivylrxe4mlqqkibrqj6khtbjtcrcq"
                ],
                "private_ip": "10.0.1.55",
                "security_attributes": {},
                "skip_source_dest_check": false,
                "subnet_id": "ocid1.subnet.oc1.ap-singapore-1.aaaaaaaakatp3bk7nysf5sbowbbwstv35dd2u6v3q6msl7ssufbuyn67v3da",
                "vlan_id": ""
              }
            ],
            "dedicated_vm_host_id": null,
            "defined_tags": {
              "Oracle-Tags.CreatedBy": "default/tbnguyen1407@gmail.com",
              "Oracle-Tags.CreatedOn": "2025-02-20T07:36:44.253Z"
            },
            "display_name": "arm1",
            "extended_metadata": {},
            "fault_domain": "FAULT-DOMAIN-1",
            "freeform_tags": {},
            "hostname_label": "arm-vnic0-447182",
            "id": "ocid1.instance.oc1.ap-singapore-1.anzwsljrzn66j6qciic3hjkr57nrvx5shehoi6lfspbygpyk6npkqttbqx2q",
            "image": "ocid1.image.oc1.ap-singapore-1.aaaaaaaanwjetwn6ubol5lq2xvmwvglv6l26ad6lck4esnmlraawg4wderka",
            "instance_configuration_id": null,
            "instance_options": [
              {
                "are_legacy_imds_endpoints_disabled": false
              }
            ],
            "ipxe_script": null,
            "is_cross_numa_node": false,
            "is_pv_encryption_in_transit_enabled": null,
            "launch_mode": "PARAVIRTUALIZED",
            "launch_options": [
              {
                "boot_volume_type": "PARAVIRTUALIZED",
                "firmware": "UEFI_64",
                "is_consistent_volume_naming_enabled": true,
                "is_pv_encryption_in_transit_enabled": false,
                "network_type": "PARAVIRTUALIZED",
                "remote_data_volume_type": "PARAVIRTUALIZED"
              }
            ],
            "launch_volume_attachments": [],
            "licensing_configs": [],
            "metadata": {
              "ssh_authorized_keys": "ssh-ed25519 AAAAC3NzaC1lZDI1NTE5AAAAII8IWR/eTBWUCznY/KgzuxR4vfULGLJ26yDqsBvxvi2V"
            },
            "platform_config": [],
            "preemptible_instance_config": [],
            "preserve_boot_volume": null,
            "preserve_data_volumes_created_at_launch": null,
            "private_ip": "10.0.1.55",
            "public_ip": "152.69.215.214",
            "region": "ap-singapore-1",
            "security_attributes": {},
            "security_attributes_state": "STABLE",
            "shape": "VM.Standard.A1.Flex",
            "shape_config": [
              {
                "baseline_ocpu_utilization": "",
                "gpu_description": "",
                "gpus": 0,
                "local_disk_description": "",
                "local_disks": 0,
                "local_disks_total_size_in_gbs": 0,
                "max_vnic_attachments": 2,
                "memory_in_gbs": 12,
                "networking_bandwidth_in_gbps": 2,
                "nvmes": 0,
                "ocpus": 2,
                "processor_description": "3.0 GHz Ampere® Altra™",
                "vcpus": 2
              }
            ],
            "source_details": [
              {
                "boot_volume_size_in_gbs": "50",
                "boot_volume_vpus_per_gb": "10",
                "instance_source_image_filter_details": [],
                "is_preserve_boot_volume_enabled": false,
                "kms_key_id": "",
                "source_id": "ocid1.image.oc1.ap-singapore-1.aaaaaaaanwjetwn6ubol5lq2xvmwvglv6l26ad6lck4esnmlraawg4wderka",
                "source_type": "image"
              }
            ],
            "state": "RUNNING",
            "subnet_id": "ocid1.subnet.oc1.ap-singapore-1.aaaaaaaakatp3bk7nysf5sbowbbwstv35dd2u6v3q6msl7ssufbuyn67v3da",
            "system_tags": {},
            "time_created": "2025-02-20 07:36:44.949 +0000 UTC",
            "time_maintenance_reboot_due": "",
            "timeouts": null,
            "update_operation_constraint": null
          },
          "sensitive_attributes": [],
          "identity_schema_version": 0,
          "private": "eyJlMmJmYjczMC1lY2FhLTExZTYtOGY4OC0zNDM2M2JjN2M0YzAiOnsiY3JlYXRlIjoyNzAwMDAwMDAwMDAwLCJkZWxldGUiOjQ1MDAwMDAwMDAwMDAsInVwZGF0ZSI6MjcwMDAwMDAwMDAwMH19",
          "dependencies": [
            "module.module_oci_instance_arm.data.oci_identity_availability_domains.ads",
            "module.module_oci_network.oci_core_internet_gateway.igw0",
            "module.module_oci_network.oci_core_route_table.rt0",
            "module.module_oci_network.oci_core_subnet.subnet0",
            "module.module_oci_network.oci_core_vcn.net0",
            "module.module_oci_network.oci_identity_compartment.cpt0",
            "module.module_oci_security.oci_core_network_security_group.nsg"
          ]
        }
      ]
    },
    {
      "module": "module.module_oci_network",
      "mode": "managed",
      "type": "oci_core_internet_gateway",
      "name": "igw0",
      "provider": "provider[\"registry.terraform.io/oracle/oci\"]",
      "instances": [
        {
          "schema_version": 0,
          "attributes": {
            "compartment_id": "ocid1.compartment.oc1..aaaaaaaar25xr32ezieyqed6lop5zm7av2l5hhgryrex2e5rbzrscf7hg2ua",
            "defined_tags": {
              "Oracle-Tags.CreatedBy": "default/tbnguyen1407@gmail.com",
              "Oracle-Tags.CreatedOn": "2024-11-29T06:00:37.840Z"
            },
            "display_name": "igw0",
            "enabled": true,
            "freeform_tags": {},
            "id": "ocid1.internetgateway.oc1.ap-singapore-1.aaaaaaaapp66gtvfjnurvmtqixcef2p5f4y3evxufkyh6v6govcw2tujhlna",
            "route_table_id": null,
            "state": "AVAILABLE",
            "time_created": "2024-11-29 06:00:37.929 +0000 UTC",
            "timeouts": null,
            "vcn_id": "ocid1.vcn.oc1.ap-singapore-1.amaaaaaazn66j6qaq7ppmuvqadu3d2acitow53rg2p6usfewu4ix73mzlwua"
          },
          "sensitive_attributes": [],
          "identity_schema_version": 0,
          "private": "eyJlMmJmYjczMC1lY2FhLTExZTYtOGY4OC0zNDM2M2JjN2M0YzAiOnsiY3JlYXRlIjoxMjAwMDAwMDAwMDAwLCJkZWxldGUiOjEyMDAwMDAwMDAwMDAsInVwZGF0ZSI6MTIwMDAwMDAwMDAwMH19",
          "dependencies": [
            "module.module_oci_network.oci_core_vcn.net0",
            "module.module_oci_network.oci_identity_compartment.cpt0"
          ]
        }
      ]
    },
    {
      "module": "module.module_oci_network",
      "mode": "managed",
      "type": "oci_core_route_table",
      "name": "rt0",
      "provider": "provider[\"registry.terraform.io/oracle/oci\"]",
      "instances": [
        {
          "schema_version": 0,
          "attributes": {
            "compartment_id": "ocid1.compartment.oc1..aaaaaaaar25xr32ezieyqed6lop5zm7av2l5hhgryrex2e5rbzrscf7hg2ua",
            "defined_tags": {
              "Oracle-Tags.CreatedBy": "default/tbnguyen1407@gmail.com",
              "Oracle-Tags.CreatedOn": "2025-01-03T06:24:14.462Z"
            },
            "display_name": "rt0",
            "freeform_tags": {},
            "id": "ocid1.routetable.oc1.ap-singapore-1.aaaaaaaafmh2bb2pqz62pkjmjvmhzya7l4bh5uzp3hb3jpdlkk3bmgzpy6sa",
            "route_rules": [
              {
                "cidr_block": "",
                "description": "",
                "destination": "0.0.0.0/0",
                "destination_type": "CIDR_BLOCK",
                "network_entity_id": "ocid1.internetgateway.oc1.ap-singapore-1.aaaaaaaapp66gtvfjnurvmtqixcef2p5f4y3evxufkyh6v6govcw2tujhlna",
                "route_type": ""
              }
            ],
            "state": "AVAILABLE",
            "time_created": "2025-01-03 06:24:14.485 +0000 UTC",
            "timeouts": null,
            "vcn_id": "ocid1.vcn.oc1.ap-singapore-1.amaaaaaazn66j6qaq7ppmuvqadu3d2acitow53rg2p6usfewu4ix73mzlwua"
          },
          "sensitive_attributes": [],
          "identity_schema_version": 0,
          "private": "eyJlMmJmYjczMC1lY2FhLTExZTYtOGY4OC0zNDM2M2JjN2M0YzAiOnsiY3JlYXRlIjoxMjAwMDAwMDAwMDAwLCJkZWxldGUiOjEyMDAwMDAwMDAwMDAsInVwZGF0ZSI6MTIwMDAwMDAwMDAwMH19",
          "dependencies": [
            "module.module_oci_network.oci_core_internet_gateway.igw0",
            "module.module_oci_network.oci_core_vcn.net0",
            "module.module_oci_network.oci_identity_compartment.cpt0"
          ]
        }
      ]
    },
    {
      "module": "module.module_oci_network",
      "mode": "managed",
      "type": "oci_core_subnet",
      "name": "subnet0",
      "provider": "provider[\"registry.terraform.io/oracle/oci\"]",
      "instances": [
        {
          "schema_version": 0,
          "attributes": {
            "availability_domain": null,
            "cidr_block": "10.0.1.0/24",
            "compartment_id": "ocid1.compartment.oc1..aaaaaaaar25xr32ezieyqed6lop5zm7av2l5hhgryrex2e5rbzrscf7hg2ua",
            "defined_tags": {
              "Oracle-Tags.CreatedBy": "default/tbnguyen1407@gmail.com",
              "Oracle-Tags.CreatedOn": "2024-11-29T06:00:37.794Z"
            },
            "dhcp_options_id": "ocid1.dhcpoptions.oc1.ap-singapore-1.aaaaaaaaqjaawjxqywcdzoduaxf5rfiqu4hw4pjunp3jqb65ebtgvxrnatkq",
            "display_name": "subnet0",
            "dns_label": "subnet0",
            "freeform_tags": {},
            "id": "ocid1.subnet.oc1.ap-singapore-1.aaaaaaaakatp3bk7nysf5sbowbbwstv35dd2u6v3q6msl7ssufbuyn67v3da",
            "ipv6cidr_block": null,
            "ipv6cidr_blocks": [],
            "ipv6virtual_router_ip": null,
            "prohibit_internet_ingress": false,
            "prohibit_public_ip_on_vnic": false,
            "route_table_id": "ocid1.routetable.oc1.ap-singapore-1.aaaaaaaafmh2bb2pqz62pkjmjvmhzya7l4bh5uzp3hb3jpdlkk3bmgzpy6sa",
            "security_list_ids": [
              "ocid1.securitylist.oc1.ap-singapore-1.aaaaaaaaygjgzkacny2ijnrxqmeh7v2oamtffkojlibyusavxjibcgodkpcq"
            ],
            "state": "AVAILABLE",
            "subnet_domain_name": "subnet0.net0.oraclevcn.com",
            "time_created": "2024-11-29 06:00:37.87 +0000 UTC",
            "timeouts": null,
            "vcn_id": "ocid1.vcn.oc1.ap-singapore-1.amaaaaaazn66j6qaq7ppmuvqadu3d2acitow53rg2p6usfewu4ix73mzlwua",
            "virtual_router_ip": "10.0.1.1",
            "virtual_router_mac": "00:00:17:E6:AE:06"
          },
          "sensitive_attributes": [],
          "identity_schema_version": 0,
          "private": "eyJlMmJmYjczMC1lY2FhLTExZTYtOGY4OC0zNDM2M2JjN2M0YzAiOnsiY3JlYXRlIjoxMjAwMDAwMDAwMDAwLCJkZWxldGUiOjEyMDAwMDAwMDAwMDAsInVwZGF0ZSI6MTIwMDAwMDAwMDAwMH19",
          "dependencies": [
            "module.module_oci_network.oci_core_internet_gateway.igw0",
            "module.module_oci_network.oci_core_route_table.rt0",
            "module.module_oci_network.oci_core_vcn.net0",
            "module.module_oci_network.oci_identity_compartment.cpt0"
          ]
        }
      ]
    },
    {
      "module": "module.module_oci_network",
      "mode": "managed",
      "type": "oci_core_vcn",
      "name": "net0",
      "provider": "provider[\"registry.terraform.io/oracle/oci\"]",
      "instances": [
        {
          "schema_version": 0,
          "attributes": {
            "byoipv6cidr_blocks": [],
            "byoipv6cidr_details": [],
            "cidr_block": "10.0.0.0/16",
            "cidr_blocks": [
              "10.0.0.0/16"
            ],
            "compartment_id": "ocid1.compartment.oc1..aaaaaaaar25xr32ezieyqed6lop5zm7av2l5hhgryrex2e5rbzrscf7hg2ua",
            "default_dhcp_options_id": "ocid1.dhcpoptions.oc1.ap-singapore-1.aaaaaaaaqjaawjxqywcdzoduaxf5rfiqu4hw4pjunp3jqb65ebtgvxrnatkq",
            "default_route_table_id": "ocid1.routetable.oc1.ap-singapore-1.aaaaaaaaz5f2d2i6rvhr4yilyt7vrohdwstph6eh4cty7z6eqjagp2z2zxtq",
            "default_security_list_id": "ocid1.securitylist.oc1.ap-singapore-1.aaaaaaaaygjgzkacny2ijnrxqmeh7v2oamtffkojlibyusavxjibcgodkpcq",
            "defined_tags": {
              "Oracle-Tags.CreatedBy": "default/tbnguyen1407@gmail.com",
              "Oracle-Tags.CreatedOn": "2024-11-29T06:00:37.267Z"
            },
            "display_name": "net0",
            "dns_label": "net0",
            "freeform_tags": {},
            "id": "ocid1.vcn.oc1.ap-singapore-1.amaaaaaazn66j6qaq7ppmuvqadu3d2acitow53rg2p6usfewu4ix73mzlwua",
            "ipv6cidr_blocks": [],
            "ipv6private_cidr_blocks": [],
            "is_ipv6enabled": false,
            "is_oracle_gua_allocation_enabled": null,
            "security_attributes": {},
            "state": "AVAILABLE",
            "time_created": "2024-11-29 06:00:37.342 +0000 UTC",
            "timeouts": null,
            "vcn_domain_name": "net0.oraclevcn.com"
          },
          "sensitive_attributes": [],
          "identity_schema_version": 0,
          "private": "eyJlMmJmYjczMC1lY2FhLTExZTYtOGY4OC0zNDM2M2JjN2M0YzAiOnsiY3JlYXRlIjoxMjAwMDAwMDAwMDAwLCJkZWxldGUiOjEyMDAwMDAwMDAwMDAsInVwZGF0ZSI6MTIwMDAwMDAwMDAwMH19",
          "dependencies": [
            "module.module_oci_network.oci_identity_compartment.cpt0"
          ]
        }
      ]
    },
    {
      "module": "module.module_oci_network",
      "mode": "managed",
      "type": "oci_identity_compartment",
      "name": "cpt0",
      "provider": "provider[\"registry.terraform.io/oracle/oci\"]",
      "instances": [
        {
          "schema_version": 0,
          "attributes": {
            "compartment_id": "ocid1.tenancy.oc1..aaaaaaaacojfkmzu24zr5bxo6ngv2sa6xm7f2672pjghdqyvr7v3lg63dyya",
            "defined_tags": {
              "Oracle-Tags.CreatedBy": "default/tbnguyen1407@gmail.com",
              "Oracle-Tags.CreatedOn": "2024-11-27T11:43:20.859Z"
            },
            "description": "cpt0",
            "enable_delete": null,
            "freeform_tags": {},
            "id": "ocid1.compartment.oc1..aaaaaaaar25xr32ezieyqed6lop5zm7av2l5hhgryrex2e5rbzrscf7hg2ua",
            "inactive_state": null,
            "is_accessible": true,
            "name": "cpt0",
            "state": "ACTIVE",
            "time_created": "2024-11-27 11:43:20.915 +0000 UTC",
            "timeouts": null
          },
          "sensitive_attributes": [],
          "identity_schema_version": 0,
          "private": "eyJlMmJmYjczMC1lY2FhLTExZTYtOGY4OC0zNDM2M2JjN2M0YzAiOnsiZGVsZXRlIjo1NDAwMDAwMDAwMDAwfX0="
        }
      ]
    },
    {
      "module": "module.module_oci_security",
      "mode": "managed",
      "type": "oci_core_network_security_group",
      "name": "nsg",
      "provider": "provider[\"registry.terraform.io/oracle/oci\"]",
      "instances": [
        {
          "schema_version": 0,
          "attributes": {
            "compartment_id": "ocid1.compartment.oc1..aaaaaaaar25xr32ezieyqed6lop5zm7av2l5hhgryrex2e5rbzrscf7hg2ua",
            "defined_tags": {
              "Oracle-Tags.CreatedBy": "default/tbnguyen1407@gmail.com",
              "Oracle-Tags.CreatedOn": "2025-01-05T07:55:44.828Z"
            },
            "display_name": "nsg0",
            "freeform_tags": {},
            "id": "ocid1.networksecuritygroup.oc1.ap-singapore-1.aaaaaaaavhg3iz3wwe22xjhcxodnpf3ivylrxe4mlqqkibrqj6khtbjtcrcq",
            "state": "AVAILABLE",
            "time_created": "2025-01-05 07:55:44.911 +0000 UTC",
            "timeouts": null,
            "vcn_id": "ocid1.vcn.oc1.ap-singapore-1.amaaaaaazn66j6qaq7ppmuvqadu3d2acitow53rg2p6usfewu4ix73mzlwua"
          },
          "sensitive_attributes": [],
          "identity_schema_version": 0,
          "private": "eyJlMmJmYjczMC1lY2FhLTExZTYtOGY4OC0zNDM2M2JjN2M0YzAiOnsiY3JlYXRlIjoxMjAwMDAwMDAwMDAwLCJkZWxldGUiOjEyMDAwMDAwMDAwMDAsInVwZGF0ZSI6MTIwMDAwMDAwMDAwMH19",
          "dependencies": [
            "module.module_oci_network.oci_core_vcn.net0",
            "module.module_oci_network.oci_identity_compartment.cpt0"
          ]
        }
      ]
    },
    {
      "module": "module.module_oci_security",
      "mode": "managed",
      "type": "oci_core_network_security_group_security_rule",
      "name": "nsgrule",
      "provider": "provider[\"registry.terraform.io/oracle/oci\"]",
      "instances": [
        {
          "index_key": "egress-allow-all",
          "schema_version": 0,
          "attributes": {
            "description": "egress-allow-all",
            "destination": "0.0.0.0/0",
            "destination_type": "CIDR_BLOCK",
            "direction": "EGRESS",
            "icmp_options": [],
            "id": "BB4CA2",
            "is_valid": true,
            "network_security_group_id": "ocid1.networksecuritygroup.oc1.ap-singapore-1.aaaaaaaavhg3iz3wwe22xjhcxodnpf3ivylrxe4mlqqkibrqj6khtbjtcrcq",
            "protocol": "all",
            "source": null,
            "source_type": "",
            "stateless": false,
            "tcp_options": [],
            "time_created": "2025-01-07 13:55:08.495 +0000 UTC",
            "timeouts": null,
            "udp_options": []
          },
          "sensitive_attributes": [],
          "identity_schema_version": 0,
          "private": "eyJlMmJmYjczMC1lY2FhLTExZTYtOGY4OC0zNDM2M2JjN2M0YzAiOnsiY3JlYXRlIjoxMjAwMDAwMDAwMDAwLCJkZWxldGUiOjEyMDAwMDAwMDAwMDAsInVwZGF0ZSI6MTIwMDAwMDAwMDAwMH19",
          "dependencies": [
            "module.module_oci_network.oci_core_vcn.net0",
            "module.module_oci_network.oci_identity_compartment.cpt0",
            "module.module_oci_security.oci_core_network_security_group.nsg"
          ]
        },
        {
          "index_key": "ingress-allow-http",
          "schema_version": 0,
          "attributes": {
            "description": "ingress-allow-http",
            "destination": null,
            "destination_type": "",
            "direction": "INGRESS",
            "icmp_options": [],
            "id": "986FFB",
            "is_valid": true,
            "network_security_group_id": "ocid1.networksecuritygroup.oc1.ap-singapore-1.aaaaaaaavhg3iz3wwe22xjhcxodnpf3ivylrxe4mlqqkibrqj6khtbjtcrcq",
            "protocol": "6",
            "source": "0.0.0.0/0",
            "source_type": "CIDR_BLOCK",
            "stateless": false,
            "tcp_options": [
              {
                "destination_port_range": [
                  {
                    "max": 80,
                    "min": 80
                  }
                ],
                "source_port_range": []
              }
            ],
            "time_created": "2025-01-23 08:20:45.592 +0000 UTC",
            "timeouts": null,
            "udp_options": []
          },
          "sensitive_attributes": [],
          "identity_schema_version": 0,
          "private": "eyJlMmJmYjczMC1lY2FhLTExZTYtOGY4OC0zNDM2M2JjN2M0YzAiOnsiY3JlYXRlIjoxMjAwMDAwMDAwMDAwLCJkZWxldGUiOjEyMDAwMDAwMDAwMDAsInVwZGF0ZSI6MTIwMDAwMDAwMDAwMH19",
          "dependencies": [
            "module.module_oci_network.oci_core_vcn.net0",
            "module.module_oci_network.oci_identity_compartment.cpt0",
            "module.module_oci_security.oci_core_network_security_group.nsg"
          ]
        },
        {
          "index_key": "ingress-allow-icmp",
          "schema_version": 0,
          "attributes": {
            "description": "ingress-allow-icmp",
            "destination": null,
            "destination_type": "",
            "direction": "INGRESS",
            "icmp_options": [],
            "id": "A6363A",
            "is_valid": true,
            "network_security_group_id": "ocid1.networksecuritygroup.oc1.ap-singapore-1.aaaaaaaavhg3iz3wwe22xjhcxodnpf3ivylrxe4mlqqkibrqj6khtbjtcrcq",
            "protocol": "1",
            "source": "0.0.0.0/0",
            "source_type": "CIDR_BLOCK",
            "stateless": false,
            "tcp_options": [],
            "time_created": "2025-01-05 07:55:45.369 +0000 UTC",
            "timeouts": null,
            "udp_options": []
          },
          "sensitive_attributes": [],
          "identity_schema_version": 0,
          "private": "eyJlMmJmYjczMC1lY2FhLTExZTYtOGY4OC0zNDM2M2JjN2M0YzAiOnsiY3JlYXRlIjoxMjAwMDAwMDAwMDAwLCJkZWxldGUiOjEyMDAwMDAwMDAwMDAsInVwZGF0ZSI6MTIwMDAwMDAwMDAwMH19",
          "dependencies": [
            "module.module_oci_network.oci_core_vcn.net0",
            "module.module_oci_network.oci_identity_compartment.cpt0",
            "module.module_oci_security.oci_core_network_security_group.nsg"
          ]
        },
        {
          "index_key": "ingress-allow-ssh",
          "schema_version": 0,
          "attributes": {
            "description": "ingress-allow-ssh",
            "destination": null,
            "destination_type": "",
            "direction": "INGRESS",
            "icmp_options": [],
            "id": "8775B5",
            "is_valid": true,
            "network_security_group_id": "ocid1.networksecuritygroup.oc1.ap-singapore-1.aaaaaaaavhg3iz3wwe22xjhcxodnpf3ivylrxe4mlqqkibrqj6khtbjtcrcq",
            "protocol": "6",
            "source": "0.0.0.0/0",
            "source_type": "CIDR_BLOCK",
            "stateless": false,
            "tcp_options": [
              {
                "destination_port_range": [
                  {
                    "max": 22,
                    "min": 22
                  }
                ],
                "source_port_range": []
              }
            ],
            "time_created": "2025-01-05 07:55:45.43 +0000 UTC",
            "timeouts": null,
            "udp_options": []
          },
          "sensitive_attributes": [],
          "identity_schema_version": 0,
          "private": "eyJlMmJmYjczMC1lY2FhLTExZTYtOGY4OC0zNDM2M2JjN2M0YzAiOnsiY3JlYXRlIjoxMjAwMDAwMDAwMDAwLCJkZWxldGUiOjEyMDAwMDAwMDAwMDAsInVwZGF0ZSI6MTIwMDAwMDAwMDAwMH19",
          "dependencies": [
            "module.module_oci_network.oci_core_vcn.net0",
            "module.module_oci_network.oci_identity_compartment.cpt0",
            "module.module_oci_security.oci_core_network_security_group.nsg"
          ]
        },
        {
          "index_key": "ingress-allow-wireguard",
          "schema_version": 0,
          "attributes": {
            "description": "ingress-allow-wireguard",
            "destination": null,
            "destination_type": "",
            "direction": "INGRESS",
            "icmp_options": [],
            "id": "BC6622",
            "is_valid": true,
            "network_security_group_id": "ocid1.networksecuritygroup.oc1.ap-singapore-1.aaaaaaaavhg3iz3wwe22xjhcxodnpf3ivylrxe4mlqqkibrqj6khtbjtcrcq",
            "protocol": "17",
            "source": "0.0.0.0/0",
            "source_type": "CIDR_BLOCK",
            "stateless": false,
            "tcp_options": [],
            "time_created": "2025-05-26 03:47:10.439 +0000 UTC",
            "timeouts": null,
            "udp_options": [
              {
                "destination_port_range": [
                  {
                    "max": 51820,
                    "min": 51820
                  }
                ],
                "source_port_range": []
              }
            ]
          },
          "sensitive_attributes": [],
          "identity_schema_version": 0,
          "private": "eyJlMmJmYjczMC1lY2FhLTExZTYtOGY4OC0zNDM2M2JjN2M0YzAiOnsiY3JlYXRlIjoxMjAwMDAwMDAwMDAwLCJkZWxldGUiOjEyMDAwMDAwMDAwMDAsInVwZGF0ZSI6MTIwMDAwMDAwMDAwMH19",
          "dependencies": [
            "module.module_oci_network.oci_core_vcn.net0",
            "module.module_oci_network.oci_identity_compartment.cpt0",
            "module.module_oci_security.oci_core_network_security_group.nsg"
          ]
        }
      ]
    }
  ],
  "check_results": [
    {
      "object_kind": "var",
      "config_addr": "module.module_oci_security.var.rules",
      "status": "pass",
      "objects": [
        {
          "object_addr": "module.module_oci_security.var.rules",
          "status": "pass"
        }
      ]
    },
    {
      "object_kind": "var",
      "config_addr": "module.module_gcp_security.var.rules",
      "status": "pass",
      "objects": [
        {
          "object_addr": "module.module_gcp_security.var.rules",
          "status": "pass"
        }
      ]
    }
  ]
}
